
Microsoft Visual Studio Solution File, Format Version 12.00
# Visual Studio Version 16
VisualStudioVersion = 16.0.31624.102
MinimumVisualStudioVersion = 10.0.40219.1
Project("{8BC9CEB8-8B4A-11D0-8D11-00A0C91BC942}") = "blok5_Tree", "blok5_Tree\blok5_Tree.vcxproj", "{9C166BD6-5643-4F82-A94B-7A927BD839CA}"
EndProject
Global
	GlobalSection(SolutionConfigurationPlatforms) = preSolution
		Debug|x64 = Debug|x64
		Debug|x86 = Debug|x86
		Release|x64 = Release|x64
		Release|x86 = Release|x86
	EndGlobalSection
	GlobalSection(ProjectConfigurationPlatforms) = postSolution
		{9C166BD6-5643-4F82-A94B-7A927BD839CA}.Debug|x64.ActiveCfg = Debug|x64
		{9C166BD6-5643-4F82-A94B-7A927BD839CA}.Debug|x64.Build.0 = Debug|x64
		{9C166BD6-5643-4F82-A94B-7A927BD839CA}.Debug|x86.ActiveCfg = Debug|Win32
		{9C166BD6-5643-4F82-A94B-7A927BD839CA}.Debug|x86.Build.0 = Debug|Win32
		{9C166BD6-5643-4F82-A94B-7A927BD839CA}.Release|x64.ActiveCfg = Release|x64
		{9C166BD6-5643-4F82-A94B-7A927BD839CA}.Release|x64.Build.0 = Release|x64
		{9C166BD6-5643-4F82-A94B-7A927BD839CA}.Release|x86.ActiveCfg = Release|Win32
		{9C166BD6-5643-4F82-A94B-7A927BD839CA}.Release|x86.Build.0 = Release|Win32
	EndGlobalSection
	GlobalSection(SolutionProperties) = preSolution
		HideSolutionNode = FALSE
	EndGlobalSection
	GlobalSection(ExtensibilityGlobals) = postSolution
		SolutionGuid = {40088BD8-79CF-43CA-B8FC-03EC9D6D4E1A}
	EndGlobalSection
EndGlobal
